
Microsoft Visual Studio Solution File, Format Version 12.00
# Visual Studio Version 17
VisualStudioVersion = 17.8.34330.188
MinimumVisualStudioVersion = 10.0.40219.1
Project("{9A19103F-16F7-4668-BE54-9A1E7A4F7556}") = "BulkyApplication", "BulkyApplication\BulkyApplication.csproj", "{581A80D0-8779-47DD-B15F-CA0D48DAEE94}"
EndProject
Project("{9A19103F-16F7-4668-BE54-9A1E7A4F7556}") = "BulkyWebRazor", "BulkyWebRazor\BulkyWebRazor.csproj", "{C2451218-28D6-4754-81D4-E269EA5EB005}"
EndProject
Project("{FAE04EC0-301F-11D3-BF4B-00C04F79EFBC}") = "Bulky.DataAccess", "Bulky.DataAccess\Bulky.DataAccess.csproj", "{A2BE262A-4ECA-4241-87E0-83E2EA296339}"
EndProject
Project("{FAE04EC0-301F-11D3-BF4B-00C04F79EFBC}") = "Bulky.Models", "Bulky.Models\Bulky.Models.csproj", "{50689247-9556-49FB-B933-01BCD8675007}"
EndProject
Project("{FAE04EC0-301F-11D3-BF4B-00C04F79EFBC}") = "Bulky.Utility", "Bulky.Utility\Bulky.Utility.csproj", "{67BA3896-3DBE-442F-8A51-D6487E4C57D8}"
EndProject
Global
	GlobalSection(SolutionConfigurationPlatforms) = preSolution
		Debug|Any CPU = Debug|Any CPU
		Release|Any CPU = Release|Any CPU
	EndGlobalSection
	GlobalSection(ProjectConfigurationPlatforms) = postSolution
		{581A80D0-8779-47DD-B15F-CA0D48DAEE94}.Debug|Any CPU.ActiveCfg = Debug|Any CPU
		{581A80D0-8779-47DD-B15F-CA0D48DAEE94}.Debug|Any CPU.Build.0 = Debug|Any CPU
		{581A80D0-8779-47DD-B15F-CA0D48DAEE94}.Release|Any CPU.ActiveCfg = Release|Any CPU
		{581A80D0-8779-47DD-B15F-CA0D48DAEE94}.Release|Any CPU.Build.0 = Release|Any CPU
		{C2451218-28D6-4754-81D4-E269EA5EB005}.Debug|Any CPU.ActiveCfg = Debug|Any CPU
		{C2451218-28D6-4754-81D4-E269EA5EB005}.Debug|Any CPU.Build.0 = Debug|Any CPU
		{C2451218-28D6-4754-81D4-E269EA5EB005}.Release|Any CPU.ActiveCfg = Release|Any CPU
		{C2451218-28D6-4754-81D4-E269EA5EB005}.Release|Any CPU.Build.0 = Release|Any CPU
		{A2BE262A-4ECA-4241-87E0-83E2EA296339}.Debug|Any CPU.ActiveCfg = Debug|Any CPU
		{A2BE262A-4ECA-4241-87E0-83E2EA296339}.Debug|Any CPU.Build.0 = Debug|Any CPU
		{A2BE262A-4ECA-4241-87E0-83E2EA296339}.Release|Any CPU.ActiveCfg = Release|Any CPU
		{A2BE262A-4ECA-4241-87E0-83E2EA296339}.Release|Any CPU.Build.0 = Release|Any CPU
		{50689247-9556-49FB-B933-01BCD8675007}.Debug|Any CPU.ActiveCfg = Debug|Any CPU
		{50689247-9556-49FB-B933-01BCD8675007}.Debug|Any CPU.Build.0 = Debug|Any CPU
		{50689247-9556-49FB-B933-01BCD8675007}.Release|Any CPU.ActiveCfg = Release|Any CPU
		{50689247-9556-49FB-B933-01BCD8675007}.Release|Any CPU.Build.0 = Release|Any CPU
		{67BA3896-3DBE-442F-8A51-D6487E4C57D8}.Debug|Any CPU.ActiveCfg = Debug|Any CPU
		{67BA3896-3DBE-442F-8A51-D6487E4C57D8}.Debug|Any CPU.Build.0 = Debug|Any CPU
		{67BA3896-3DBE-442F-8A51-D6487E4C57D8}.Release|Any CPU.ActiveCfg = Release|Any CPU
		{67BA3896-3DBE-442F-8A51-D6487E4C57D8}.Release|Any CPU.Build.0 = Release|Any CPU
	EndGlobalSection
	GlobalSection(SolutionProperties) = preSolution
		HideSolutionNode = FALSE
	EndGlobalSection
	GlobalSection(ExtensibilityGlobals) = postSolution
		SolutionGuid = {648BCB4E-FDE8-4035-AFF1-8186268129D9}
	EndGlobalSection
EndGlobal
